
Microsoft Visual Studio Solution File, Format Version 12.00
# Visual Studio Version 16
VisualStudioVersion = 16.0.32106.194
MinimumVisualStudioVersion = 10.0.40219.1
Project("{FAE04EC0-301F-11D3-BF4B-00C04F79EFBC}") = "SalesWebMvc", "SalesWebMvc\SalesWebMvc.csproj", "{4F70E0FD-5FCA-4F63-BB2E-95AD73B03394}"
EndProject
Global
	GlobalSection(SolutionConfigurationPlatforms) = preSolution
		Debug|Any CPU = Debug|Any CPU
		Release|Any CPU = Release|Any CPU
	EndGlobalSection
	GlobalSection(ProjectConfigurationPlatforms) = postSolution
		{4F70E0FD-5FCA-4F63-BB2E-95AD73B03394}.Debug|Any CPU.ActiveCfg = Debug|Any CPU
		{4F70E0FD-5FCA-4F63-BB2E-95AD73B03394}.Debug|Any CPU.Build.0 = Debug|Any CPU
		{4F70E0FD-5FCA-4F63-BB2E-95AD73B03394}.Release|Any CPU.ActiveCfg = Release|Any CPU
		{4F70E0FD-5FCA-4F63-BB2E-95AD73B03394}.Release|Any CPU.Build.0 = Release|Any CPU
	EndGlobalSection
	GlobalSection(SolutionProperties) = preSolution
		HideSolutionNode = FALSE
	EndGlobalSection
	GlobalSection(ExtensibilityGlobals) = postSolution
		SolutionGuid = {8E6CDBC8-F7E4-4B33-BD65-9A8990C43233}
	EndGlobalSection
EndGlobal
